
Microsoft Visual Studio Solution File, Format Version 12.00
# Visual Studio Version 17
VisualStudioVersion = 17.8.34330.188
MinimumVisualStudioVersion = 10.0.40219.1
Project("{9A19103F-16F7-4668-BE54-9A1E7A4F7556}") = "DotNet.Android.SwipeLayout", "DotNet.Android.SwipeLayout\DotNet.Android.SwipeLayout.csproj", "{1406666F-62B7-42DF-8E93-21A38A779695}"
EndProject
Global
	GlobalSection(SolutionConfigurationPlatforms) = preSolution
		Debug|Any CPU = Debug|Any CPU
		Release|Any CPU = Release|Any CPU
	EndGlobalSection
	GlobalSection(ProjectConfigurationPlatforms) = postSolution
		{1406666F-62B7-42DF-8E93-21A38A779695}.Debug|Any CPU.ActiveCfg = Debug|Any CPU
		{1406666F-62B7-42DF-8E93-21A38A779695}.Debug|Any CPU.Build.0 = Debug|Any CPU
		{1406666F-62B7-42DF-8E93-21A38A779695}.Release|Any CPU.ActiveCfg = Release|Any CPU
		{1406666F-62B7-42DF-8E93-21A38A779695}.Release|Any CPU.Build.0 = Release|Any CPU
	EndGlobalSection
	GlobalSection(SolutionProperties) = preSolution
		HideSolutionNode = FALSE
	EndGlobalSection
	GlobalSection(ExtensibilityGlobals) = postSolution
		SolutionGuid = {53F8675F-8B31-4C84-80B3-FBB778085164}
	EndGlobalSection
EndGlobal
